
Microsoft Visual Studio Solution File, Format Version 12.00
# Visual Studio 15
VisualStudioVersion = 15.0.27428.2027
MinimumVisualStudioVersion = 10.0.40219.1
Project("{FAE04EC0-301F-11D3-BF4B-00C04F79EFBC}") = "Demo.MenuLoad", "Demo.MenuLoad\Demo.MenuLoad.csproj", "{1AC6E8EF-D68C-46BF-8396-BE0415AE4C1C}"
EndProject
Project("{FAE04EC0-301F-11D3-BF4B-00C04F79EFBC}") = "AkijRest.IdentityServer.Repository", "AkijRest.IdentityServer.Repository\AkijRest.IdentityServer.Repository.csproj", "{3B9E33A7-02BE-4F74-BEB2-85185739D4C1}"
EndProject
Project("{FAE04EC0-301F-11D3-BF4B-00C04F79EFBC}") = "AkijRest.SolutionConstant", "AkijRest.SolutionConstant\AkijRest.SolutionConstant.csproj", "{DB1B09B1-8EBA-466C-9150-1C20C7DCEA78}"
EndProject
Project("{FAE04EC0-301F-11D3-BF4B-00C04F79EFBC}") = "LogService", "LogService\LogService.csproj", "{C6D83867-3753-4440-AB90-0B218FFF3F6F}"
EndProject
Project("{FAE04EC0-301F-11D3-BF4B-00C04F79EFBC}") = "AkijRest.IdentityServer.ApiFixed", "AkijRest.IdentityServer.ApiFixed\AkijRest.IdentityServer.ApiFixed.csproj", "{EEA4E8AC-FAF9-43FA-A0E5-8BF36DFD5612}"
EndProject
Project("{FAE04EC0-301F-11D3-BF4B-00C04F79EFBC}") = "AkijRest.IdentityServer", "AkijRest.IdentityServer\AkijRest.IdentityServer.csproj", "{AA2D59E8-8F9B-4AB1-9129-0AF4821E7746}"
EndProject
Project("{FAE04EC0-301F-11D3-BF4B-00C04F79EFBC}") = "EmailService", "EmailService\EmailService.csproj", "{019E8B20-0E8C-47AB-886D-4E98BEE882E8}"
EndProject
Project("{FAE04EC0-301F-11D3-BF4B-00C04F79EFBC}") = "AkijRest.Global", "AkijRest.Global\AkijRest.Global.csproj", "{B3695148-DF00-4394-AD45-86DA5D078773}"
EndProject
Project("{FAE04EC0-301F-11D3-BF4B-00C04F79EFBC}") = "AkijRest.Global.UnitTests", "AkijRest.Global.UnitTests\AkijRest.Global.UnitTests.csproj", "{1DB6B5F8-F691-42E7-9B97-AC33C8041253}"
EndProject
Project("{FAE04EC0-301F-11D3-BF4B-00C04F79EFBC}") = "AkijRest.Identity.Repository.UnitTests", "AkijRest.Identity.Repository.UnitTests\AkijRest.Identity.Repository.UnitTests.csproj", "{A9F4409F-A7E7-417F-AA7F-FB84093759AC}"
EndProject
Project("{00D1A9C2-B5F0-4AF3-8072-F6C62B433612}") = "AkijRest.Database", "AkijRest.Database\AkijRest.Database.sqlproj", "{C7F11594-37F1-4854-9408-85150430F7FC}"
EndProject
Project("{FAE04EC0-301F-11D3-BF4B-00C04F79EFBC}") = "SerilogTest", "SerilogTest\SerilogTest.csproj", "{847C3675-1559-4257-A4FC-1F960AB15C1D}"
EndProject
Project("{FAE04EC0-301F-11D3-BF4B-00C04F79EFBC}") = "WebClientWebForm", "WebClientWebForm\WebClientWebForm.csproj", "{6AE8C1F0-5D48-4C2D-A3BC-B8A8F4BA7366}"
EndProject
Project("{FAE04EC0-301F-11D3-BF4B-00C04F79EFBC}") = "Flogging.Core", "Flogging.Core\Flogging.Core.csproj", "{CD30375F-C7EC-47EE-A376-DDA9A5A6B98F}"
EndProject
Project("{FAE04EC0-301F-11D3-BF4B-00C04F79EFBC}") = "Flogging.Web", "Flogging.Web\Flogging.Web.csproj", "{2D947B30-926F-45DA-9E3A-BA4A48BEAC50}"
EndProject
Project("{FAE04EC0-301F-11D3-BF4B-00C04F79EFBC}") = "FloggingApi", "FloggingApi\FloggingApi.csproj", "{8AFF8BF2-0386-4F32-83DF-7FF9C1BD54ED}"
EndProject
Global
	GlobalSection(SolutionConfigurationPlatforms) = preSolution
		Debug|Any CPU = Debug|Any CPU
		Release|Any CPU = Release|Any CPU
	EndGlobalSection
	GlobalSection(ProjectConfigurationPlatforms) = postSolution
		{1AC6E8EF-D68C-46BF-8396-BE0415AE4C1C}.Debug|Any CPU.ActiveCfg = Debug|Any CPU
		{1AC6E8EF-D68C-46BF-8396-BE0415AE4C1C}.Debug|Any CPU.Build.0 = Debug|Any CPU
		{1AC6E8EF-D68C-46BF-8396-BE0415AE4C1C}.Release|Any CPU.ActiveCfg = Release|Any CPU
		{1AC6E8EF-D68C-46BF-8396-BE0415AE4C1C}.Release|Any CPU.Build.0 = Release|Any CPU
		{3B9E33A7-02BE-4F74-BEB2-85185739D4C1}.Debug|Any CPU.ActiveCfg = Debug|Any CPU
		{3B9E33A7-02BE-4F74-BEB2-85185739D4C1}.Debug|Any CPU.Build.0 = Debug|Any CPU
		{3B9E33A7-02BE-4F74-BEB2-85185739D4C1}.Release|Any CPU.ActiveCfg = Release|Any CPU
		{3B9E33A7-02BE-4F74-BEB2-85185739D4C1}.Release|Any CPU.Build.0 = Release|Any CPU
		{DB1B09B1-8EBA-466C-9150-1C20C7DCEA78}.Debug|Any CPU.ActiveCfg = Debug|Any CPU
		{DB1B09B1-8EBA-466C-9150-1C20C7DCEA78}.Debug|Any CPU.Build.0 = Debug|Any CPU
		{DB1B09B1-8EBA-466C-9150-1C20C7DCEA78}.Release|Any CPU.ActiveCfg = Release|Any CPU
		{DB1B09B1-8EBA-466C-9150-1C20C7DCEA78}.Release|Any CPU.Build.0 = Release|Any CPU
		{C6D83867-3753-4440-AB90-0B218FFF3F6F}.Debug|Any CPU.ActiveCfg = Debug|Any CPU
		{C6D83867-3753-4440-AB90-0B218FFF3F6F}.Debug|Any CPU.Build.0 = Debug|Any CPU
		{C6D83867-3753-4440-AB90-0B218FFF3F6F}.Release|Any CPU.ActiveCfg = Release|Any CPU
		{C6D83867-3753-4440-AB90-0B218FFF3F6F}.Release|Any CPU.Build.0 = Release|Any CPU
		{EEA4E8AC-FAF9-43FA-A0E5-8BF36DFD5612}.Debug|Any CPU.ActiveCfg = Debug|Any CPU
		{EEA4E8AC-FAF9-43FA-A0E5-8BF36DFD5612}.Debug|Any CPU.Build.0 = Debug|Any CPU
		{EEA4E8AC-FAF9-43FA-A0E5-8BF36DFD5612}.Release|Any CPU.ActiveCfg = Release|Any CPU
		{EEA4E8AC-FAF9-43FA-A0E5-8BF36DFD5612}.Release|Any CPU.Build.0 = Release|Any CPU
		{AA2D59E8-8F9B-4AB1-9129-0AF4821E7746}.Debug|Any CPU.ActiveCfg = Debug|Any CPU
		{AA2D59E8-8F9B-4AB1-9129-0AF4821E7746}.Debug|Any CPU.Build.0 = Debug|Any CPU
		{AA2D59E8-8F9B-4AB1-9129-0AF4821E7746}.Release|Any CPU.ActiveCfg = Release|Any CPU
		{AA2D59E8-8F9B-4AB1-9129-0AF4821E7746}.Release|Any CPU.Build.0 = Release|Any CPU
		{019E8B20-0E8C-47AB-886D-4E98BEE882E8}.Debug|Any CPU.ActiveCfg = Debug|Any CPU
		{019E8B20-0E8C-47AB-886D-4E98BEE882E8}.Debug|Any CPU.Build.0 = Debug|Any CPU
		{019E8B20-0E8C-47AB-886D-4E98BEE882E8}.Release|Any CPU.ActiveCfg = Release|Any CPU
		{019E8B20-0E8C-47AB-886D-4E98BEE882E8}.Release|Any CPU.Build.0 = Release|Any CPU
		{B3695148-DF00-4394-AD45-86DA5D078773}.Debug|Any CPU.ActiveCfg = Debug|Any CPU
		{B3695148-DF00-4394-AD45-86DA5D078773}.Debug|Any CPU.Build.0 = Debug|Any CPU
		{B3695148-DF00-4394-AD45-86DA5D078773}.Release|Any CPU.ActiveCfg = Release|Any CPU
		{B3695148-DF00-4394-AD45-86DA5D078773}.Release|Any CPU.Build.0 = Release|Any CPU
		{1DB6B5F8-F691-42E7-9B97-AC33C8041253}.Debug|Any CPU.ActiveCfg = Debug|Any CPU
		{1DB6B5F8-F691-42E7-9B97-AC33C8041253}.Debug|Any CPU.Build.0 = Debug|Any CPU
		{1DB6B5F8-F691-42E7-9B97-AC33C8041253}.Release|Any CPU.ActiveCfg = Release|Any CPU
		{1DB6B5F8-F691-42E7-9B97-AC33C8041253}.Release|Any CPU.Build.0 = Release|Any CPU
		{A9F4409F-A7E7-417F-AA7F-FB84093759AC}.Debug|Any CPU.ActiveCfg = Debug|Any CPU
		{A9F4409F-A7E7-417F-AA7F-FB84093759AC}.Debug|Any CPU.Build.0 = Debug|Any CPU
		{A9F4409F-A7E7-417F-AA7F-FB84093759AC}.Release|Any CPU.ActiveCfg = Release|Any CPU
		{A9F4409F-A7E7-417F-AA7F-FB84093759AC}.Release|Any CPU.Build.0 = Release|Any CPU
		{C7F11594-37F1-4854-9408-85150430F7FC}.Debug|Any CPU.ActiveCfg = Debug|Any CPU
		{C7F11594-37F1-4854-9408-85150430F7FC}.Debug|Any CPU.Build.0 = Debug|Any CPU
		{C7F11594-37F1-4854-9408-85150430F7FC}.Debug|Any CPU.Deploy.0 = Debug|Any CPU
		{C7F11594-37F1-4854-9408-85150430F7FC}.Release|Any CPU.ActiveCfg = Release|Any CPU
		{C7F11594-37F1-4854-9408-85150430F7FC}.Release|Any CPU.Build.0 = Release|Any CPU
		{C7F11594-37F1-4854-9408-85150430F7FC}.Release|Any CPU.Deploy.0 = Release|Any CPU
		{847C3675-1559-4257-A4FC-1F960AB15C1D}.Debug|Any CPU.ActiveCfg = Debug|Any CPU
		{847C3675-1559-4257-A4FC-1F960AB15C1D}.Debug|Any CPU.Build.0 = Debug|Any CPU
		{847C3675-1559-4257-A4FC-1F960AB15C1D}.Release|Any CPU.ActiveCfg = Release|Any CPU
		{847C3675-1559-4257-A4FC-1F960AB15C1D}.Release|Any CPU.Build.0 = Release|Any CPU
		{6AE8C1F0-5D48-4C2D-A3BC-B8A8F4BA7366}.Debug|Any CPU.ActiveCfg = Debug|Any CPU
		{6AE8C1F0-5D48-4C2D-A3BC-B8A8F4BA7366}.Debug|Any CPU.Build.0 = Debug|Any CPU
		{6AE8C1F0-5D48-4C2D-A3BC-B8A8F4BA7366}.Release|Any CPU.ActiveCfg = Release|Any CPU
		{6AE8C1F0-5D48-4C2D-A3BC-B8A8F4BA7366}.Release|Any CPU.Build.0 = Release|Any CPU
		{CD30375F-C7EC-47EE-A376-DDA9A5A6B98F}.Debug|Any CPU.ActiveCfg = Debug|Any CPU
		{CD30375F-C7EC-47EE-A376-DDA9A5A6B98F}.Debug|Any CPU.Build.0 = Debug|Any CPU
		{CD30375F-C7EC-47EE-A376-DDA9A5A6B98F}.Release|Any CPU.ActiveCfg = Release|Any CPU
		{CD30375F-C7EC-47EE-A376-DDA9A5A6B98F}.Release|Any CPU.Build.0 = Release|Any CPU
		{2D947B30-926F-45DA-9E3A-BA4A48BEAC50}.Debug|Any CPU.ActiveCfg = Debug|Any CPU
		{2D947B30-926F-45DA-9E3A-BA4A48BEAC50}.Debug|Any CPU.Build.0 = Debug|Any CPU
		{2D947B30-926F-45DA-9E3A-BA4A48BEAC50}.Release|Any CPU.ActiveCfg = Release|Any CPU
		{2D947B30-926F-45DA-9E3A-BA4A48BEAC50}.Release|Any CPU.Build.0 = Release|Any CPU
		{8AFF8BF2-0386-4F32-83DF-7FF9C1BD54ED}.Debug|Any CPU.ActiveCfg = Debug|Any CPU
		{8AFF8BF2-0386-4F32-83DF-7FF9C1BD54ED}.Debug|Any CPU.Build.0 = Debug|Any CPU
		{8AFF8BF2-0386-4F32-83DF-7FF9C1BD54ED}.Release|Any CPU.ActiveCfg = Release|Any CPU
		{8AFF8BF2-0386-4F32-83DF-7FF9C1BD54ED}.Release|Any CPU.Build.0 = Release|Any CPU
	EndGlobalSection
	GlobalSection(SolutionProperties) = preSolution
		HideSolutionNode = FALSE
	EndGlobalSection
	GlobalSection(ExtensibilityGlobals) = postSolution
		SolutionGuid = {9ACAC03C-A776-4CFD-BAAE-8A514A0EED26}
	EndGlobalSection
EndGlobal
