
Microsoft Visual Studio Solution File, Format Version 12.00
# Visual Studio 15
VisualStudioVersion = 15.0.27428.2027
MinimumVisualStudioVersion = 10.0.40219.1
Project("{FAE04EC0-301F-11D3-BF4B-00C04F79EFBC}") = "Demo.MenuLoad", "Demo.MenuLoad\Demo.MenuLoad.csproj", "{1AC6E8EF-D68C-46BF-8396-BE0415AE4C1C}"
EndProject
Project("{FAE04EC0-301F-11D3-BF4B-00C04F79EFBC}") = "AkijRest.IdentityServer.Api", "AkijRest.IdentityServer.Api\AkijRest.IdentityServer.Api.csproj", "{1A1E3532-38FB-466A-BC85-E65B8DC20BF0}"
EndProject
Project("{FAE04EC0-301F-11D3-BF4B-00C04F79EFBC}") = "AkijRest.IdentityServer.Repository", "AkijRest.IdentityServer.Repository\AkijRest.IdentityServer.Repository.csproj", "{3B9E33A7-02BE-4F74-BEB2-85185739D4C1}"
EndProject
Project("{FAE04EC0-301F-11D3-BF4B-00C04F79EFBC}") = "AkijRest.SolutionConstant", "AkijRest.SolutionConstant\AkijRest.SolutionConstant.csproj", "{DB1B09B1-8EBA-466C-9150-1C20C7DCEA78}"
EndProject
Project("{FAE04EC0-301F-11D3-BF4B-00C04F79EFBC}") = "AkijRest.IdentityServer", "AkijRest.IdentityServer\AkijRest.IdentityServer.csproj", "{AA2D59E8-8F9B-4AB1-9129-0AF4821E7746}"
EndProject
Project("{FAE04EC0-301F-11D3-BF4B-00C04F79EFBC}") = "LogService", "LogService\LogService.csproj", "{C6D83867-3753-4440-AB90-0B218FFF3F6F}"
EndProject
Global
	GlobalSection(SolutionConfigurationPlatforms) = preSolution
		Debug|Any CPU = Debug|Any CPU
		Release|Any CPU = Release|Any CPU
	EndGlobalSection
	GlobalSection(ProjectConfigurationPlatforms) = postSolution
		{1AC6E8EF-D68C-46BF-8396-BE0415AE4C1C}.Debug|Any CPU.ActiveCfg = Debug|Any CPU
		{1AC6E8EF-D68C-46BF-8396-BE0415AE4C1C}.Debug|Any CPU.Build.0 = Debug|Any CPU
		{1AC6E8EF-D68C-46BF-8396-BE0415AE4C1C}.Release|Any CPU.ActiveCfg = Release|Any CPU
		{1AC6E8EF-D68C-46BF-8396-BE0415AE4C1C}.Release|Any CPU.Build.0 = Release|Any CPU
		{1A1E3532-38FB-466A-BC85-E65B8DC20BF0}.Debug|Any CPU.ActiveCfg = Debug|Any CPU
		{1A1E3532-38FB-466A-BC85-E65B8DC20BF0}.Debug|Any CPU.Build.0 = Debug|Any CPU
		{1A1E3532-38FB-466A-BC85-E65B8DC20BF0}.Release|Any CPU.ActiveCfg = Release|Any CPU
		{1A1E3532-38FB-466A-BC85-E65B8DC20BF0}.Release|Any CPU.Build.0 = Release|Any CPU
		{3B9E33A7-02BE-4F74-BEB2-85185739D4C1}.Debug|Any CPU.ActiveCfg = Debug|Any CPU
		{3B9E33A7-02BE-4F74-BEB2-85185739D4C1}.Debug|Any CPU.Build.0 = Debug|Any CPU
		{3B9E33A7-02BE-4F74-BEB2-85185739D4C1}.Release|Any CPU.ActiveCfg = Release|Any CPU
		{3B9E33A7-02BE-4F74-BEB2-85185739D4C1}.Release|Any CPU.Build.0 = Release|Any CPU
		{DB1B09B1-8EBA-466C-9150-1C20C7DCEA78}.Debug|Any CPU.ActiveCfg = Debug|Any CPU
		{DB1B09B1-8EBA-466C-9150-1C20C7DCEA78}.Debug|Any CPU.Build.0 = Debug|Any CPU
		{DB1B09B1-8EBA-466C-9150-1C20C7DCEA78}.Release|Any CPU.ActiveCfg = Release|Any CPU
		{DB1B09B1-8EBA-466C-9150-1C20C7DCEA78}.Release|Any CPU.Build.0 = Release|Any CPU
		{AA2D59E8-8F9B-4AB1-9129-0AF4821E7746}.Debug|Any CPU.ActiveCfg = Debug|Any CPU
		{AA2D59E8-8F9B-4AB1-9129-0AF4821E7746}.Debug|Any CPU.Build.0 = Debug|Any CPU
		{AA2D59E8-8F9B-4AB1-9129-0AF4821E7746}.Release|Any CPU.ActiveCfg = Release|Any CPU
		{AA2D59E8-8F9B-4AB1-9129-0AF4821E7746}.Release|Any CPU.Build.0 = Release|Any CPU
		{C6D83867-3753-4440-AB90-0B218FFF3F6F}.Debug|Any CPU.ActiveCfg = Debug|Any CPU
		{C6D83867-3753-4440-AB90-0B218FFF3F6F}.Debug|Any CPU.Build.0 = Debug|Any CPU
		{C6D83867-3753-4440-AB90-0B218FFF3F6F}.Release|Any CPU.ActiveCfg = Release|Any CPU
		{C6D83867-3753-4440-AB90-0B218FFF3F6F}.Release|Any CPU.Build.0 = Release|Any CPU
	EndGlobalSection
	GlobalSection(SolutionProperties) = preSolution
		HideSolutionNode = FALSE
	EndGlobalSection
	GlobalSection(ExtensibilityGlobals) = postSolution
		SolutionGuid = {9ACAC03C-A776-4CFD-BAAE-8A514A0EED26}
	EndGlobalSection
EndGlobal
